PODS:
  - google-plus-ios-sdk (1.7.1)
  - NZCircularImageView (0.0.5):
    - UIActivityIndicator-for-SDWebImage (~> 1.2)
  - SDWebImage (3.7.1):
    - SDWebImage/Core
  - SDWebImage/Core (3.7.1)
  - UIActivityIndicator-for-SDWebImage (1.2):
    - SDWebImage (~> 3.7)

DEPENDENCIES:
  - google-plus-ios-sdk (~> 1.7.1)
  - NZCircularImageView (~> 0.0.5)

SPEC CHECKSUMS:
  google-plus-ios-sdk: bb7b918c2ee0d5f5e389c4fddc06d71995481f67
  NZCircularImageView: 5c92097f2df91f561c501724a4f2dc64841a6ad0
  SDWebImage: 116e88633b5b416ea0ca4b334a4ac59cf72dd38d
  UIActivityIndicator-for-SDWebImage: 8bd92c15280fbe54816448c6b14674145eee05c7

COCOAPODS: 0.34.4
