PODS:
  - AHEasing (1.2)
  - AsyncImageDownloader (1.0.0)
  - BDBPopupViewController (1.1):
    - AHEasing (~> 1.2)
  - Bolts (1.1.3)
  - CAAnimationBlocks (0.0.1)
  - google-plus-ios-sdk (1.7.1)
  - JASidePanels (1.3.2)
  - JGProgressHUD (1.1.4)
  - LMAlertView (1.1.0):
    - CAAnimationBlocks (~> 0.0.1)
    - RBBAnimation (~> 0.3.0)
  - NZCircularImageView (0.0.5):
    - UIActivityIndicator-for-SDWebImage (~> 1.2)
  - Parse (1.4.2):
    - Bolts (~> 1.1.3)
  - RBBAnimation (0.3.0)
  - SDWebImage (3.7.1):
    - SDWebImage/Core
  - SDWebImage/Core (3.7.1)
  - UIActivityIndicator-for-SDWebImage (1.2):
    - SDWebImage (~> 3.7)

DEPENDENCIES:
  - AsyncImageDownloader (~> 1.0.0)
  - BDBPopupViewController (~> 1.1)
  - google-plus-ios-sdk (~> 1.7.1)
  - JASidePanels (~> 1.3.2)
  - JGProgressHUD (~> 1.1.4)
  - LMAlertView (~> 1.1.0)
  - NZCircularImageView (~> 0.0.5)
  - Parse (~> 1.4.2)

SPEC CHECKSUMS:
  AHEasing: ecab36683ef8c3a9a925fb85e892d1335e750f31
  AsyncImageDownloader: 6543d0ebd3e535c54b48149b83ebc4e2115d9f87
  BDBPopupViewController: f0872d8fbda7bd57d30c0a5b5ee1dc6c4b038e93
  Bolts: 3db0a875235e0c9042b013af13af0f00f79b102c
  CAAnimationBlocks: 981bfca79ac481f07957aa8357885e620637f926
  google-plus-ios-sdk: bb7b918c2ee0d5f5e389c4fddc06d71995481f67
  JASidePanels: ca943907d88a0738c80755204c6098969d43e4e9
  JGProgressHUD: 119c482bc7574c422a4edded34be357b10481dc2
  LMAlertView: 1d7c0624323b6bde13c90b57b1d0f5605980f068
  NZCircularImageView: 5c92097f2df91f561c501724a4f2dc64841a6ad0
  Parse: fc9ceb6edbc6bb6a1a1f3c33f0db3293a6894f94
  RBBAnimation: 243d73be1a526f1b51d266b182e4aa0cfe9cbf64
  SDWebImage: 116e88633b5b416ea0ca4b334a4ac59cf72dd38d
  UIActivityIndicator-for-SDWebImage: 8bd92c15280fbe54816448c6b14674145eee05c7

COCOAPODS: 0.34.4
