PODS:
- AsyncImageDownloader (1.0.0)
- google-plus-ios-sdk (1.7.1)
- JGProgressHUD (1.1.4)
- NZCircularImageView (0.0.5):
- UIActivityIndicator-for-SDWebImage (~> 1.2)
- SDWebImage (3.7.1):
- SDWebImage/Core
- SDWebImage/Core (3.7.1)
- UIActivityIndicator-for-SDWebImage (1.2):
- SDWebImage (~> 3.7)

DEPENDENCIES:
- AsyncImageDownloader (~> 1.0.0)
- google-plus-ios-sdk (~> 1.7.1)
- JGProgressHUD (~> 1.1.4)
- NZCircularImageView (~> 0.0.5)

SPEC CHECKSUMS:
AsyncImageDownloader: 6543d0ebd3e535c54b48149b83ebc4e2115d9f87
google-plus-ios-sdk: bb7b918c2ee0d5f5e389c4fddc06d71995481f67
JGProgressHUD: 119c482bc7574c422a4edded34be357b10481dc2
NZCircularImageView: 5c92097f2df91f561c501724a4f2dc64841a6ad0
SDWebImage: 116e88633b5b416ea0ca4b334a4ac59cf72dd38d
UIActivityIndicator-for-SDWebImage: 8bd92c15280fbe54816448c6b14674145eee05c7

COCOAPODS: 0.34.4