// !$*UTF8*$!
{
	archiveVersion = 1;
	classes = {
	};
	objectVersion = 46;
	objects = {

/* Begin PBXBuildFile section */
		22536D09CF9C58200B049A39 /* libPods.a in Frameworks */ = {isa = PBXBuildFile; fileRef = 39EAE09A761A7211E49B6549 /* libPods.a */; };
		231293B41A1271D6003A5856 /* login_btn_down@3x.png in Resources */ = {isa = PBXBuildFile; fileRef = 231293B21A1271D6003A5856 /* login_btn_down@3x.png */; };
		231293B51A1271D6003A5856 /* login_btn_up@3x.png in Resources */ = {isa = PBXBuildFile; fileRef = 231293B31A1271D6003A5856 /* login_btn_up@3x.png */; };
		2329A9161A09B08600E93ABB /* label.png in Resources */ = {isa = PBXBuildFile; fileRef = 2329A9151A09B08600E93ABB /* label.png */; };
		232D03581A13F45B008791A4 /* delete_order_btn_down.png in Resources */ = {isa = PBXBuildFile; fileRef = 232D03561A13F45B008791A4 /* delete_order_btn_down.png */; };
		232D03591A13F45B008791A4 /* delete_order_btn_up.png in Resources */ = {isa = PBXBuildFile; fileRef = 232D03571A13F45B008791A4 /* delete_order_btn_up.png */; };
		233158EF1A168B0F006104C4 /* illustration_00.png in Resources */ = {isa = PBXBuildFile; fileRef = 233158EE1A168B0F006104C4 /* illustration_00.png */; };
		234BCE1F1A0D804200BA4074 /* crowdchef_iphone_120.png in Resources */ = {isa = PBXBuildFile; fileRef = 234BCE1D1A0D804200BA4074 /* crowdchef_iphone_120.png */; };
		234BCE201A0D804200BA4074 /* crowdchef_iphone_180.png in Resources */ = {isa = PBXBuildFile; fileRef = 234BCE1E1A0D804200BA4074 /* crowdchef_iphone_180.png */; };
		2354C3D11A0310FB00729A84 /* history_btn_selected.png in Resources */ = {isa = PBXBuildFile; fileRef = 2354C3D01A0310FB00729A84 /* history_btn_selected.png */; };
		2354C3D31A03110900729A84 /* history_btn_up.png in Resources */ = {isa = PBXBuildFile; fileRef = 2354C3D21A03110900729A84 /* history_btn_up.png */; };
		2354C3D51A03111F00729A84 /* neworders_btn_selected.png in Resources */ = {isa = PBXBuildFile; fileRef = 2354C3D41A03111F00729A84 /* neworders_btn_selected.png */; };
		2354C3D71A03113B00729A84 /* neworders_btn_up.png in Resources */ = {isa = PBXBuildFile; fileRef = 2354C3D61A03113B00729A84 /* neworders_btn_up.png */; };
		235975DD1A01518D0070E914 /* patron_01.png in Resources */ = {isa = PBXBuildFile; fileRef = 235975DC1A01518D0070E914 /* patron_01.png */; };
		235975DF1A01736E0070E914 /* menu_btn.png in Resources */ = {isa = PBXBuildFile; fileRef = 235975DE1A01736E0070E914 /* menu_btn.png */; };
		236FCB7C1A0051610021E2ED /* add_btn_down.png in Resources */ = {isa = PBXBuildFile; fileRef = 236FCB7B1A0051610021E2ED /* add_btn_down.png */; };
		236FCB7E1A0051760021E2ED /* add_btn_up.png in Resources */ = {isa = PBXBuildFile; fileRef = 236FCB7D1A0051760021E2ED /* add_btn_up.png */; };
		236FCB801A00519B0021E2ED /* add02_btn_down.png in Resources */ = {isa = PBXBuildFile; fileRef = 236FCB7F1A00519B0021E2ED /* add02_btn_down.png */; };
		236FCB821A0051A50021E2ED /* add02_btn_up.png in Resources */ = {isa = PBXBuildFile; fileRef = 236FCB811A0051A50021E2ED /* add02_btn_up.png */; };
		236FCB841A00587A0021E2ED /* outstock_btn_down.png in Resources */ = {isa = PBXBuildFile; fileRef = 236FCB831A00587A0021E2ED /* outstock_btn_down.png */; };
		236FCB861A0058880021E2ED /* outstock_btn_up.png in Resources */ = {isa = PBXBuildFile; fileRef = 236FCB851A0058880021E2ED /* outstock_btn_up.png */; };
		236FCB881A0058E70021E2ED /* subtract_btn_down.png in Resources */ = {isa = PBXBuildFile; fileRef = 236FCB871A0058E70021E2ED /* subtract_btn_down.png */; };
		236FCB8A1A0058FB0021E2ED /* subtract_btn_up.png in Resources */ = {isa = PBXBuildFile; fileRef = 236FCB891A0058FB0021E2ED /* subtract_btn_up.png */; };
		236FCB8C1A005C460021E2ED /* badge_ima.png in Resources */ = {isa = PBXBuildFile; fileRef = 236FCB8B1A005C460021E2ED /* badge_ima.png */; };
		236FCB8E1A00688F0021E2ED /* item_transparency.png in Resources */ = {isa = PBXBuildFile; fileRef = 236FCB8D1A00688F0021E2ED /* item_transparency.png */; };
		23A5E1411A0293E400590509 /* logout_btn_down.png in Resources */ = {isa = PBXBuildFile; fileRef = 23A5E13F1A0293E400590509 /* logout_btn_down.png */; };
		23A5E1421A0293E400590509 /* logout_btn_up.png in Resources */ = {isa = PBXBuildFile; fileRef = 23A5E1401A0293E400590509 /* logout_btn_up.png */; };
		23A8E8B619FAAF050041D30F /* OrdersHistoryViewController.m in Sources */ = {isa = PBXBuildFile; fileRef = 23A8E8B419FAAF050041D30F /* OrdersHistoryViewController.m */; };
		23A8E8B719FAAF050041D30F /* OrdersHistoryViewController.xib in Resources */ = {isa = PBXBuildFile; fileRef = 23A8E8B519FAAF050041D30F /* OrdersHistoryViewController.xib */; };
		23B3B80F1A0812BF00800204 /* item_transparency_03.png in Resources */ = {isa = PBXBuildFile; fileRef = 23B3B80E1A0812BF00800204 /* item_transparency_03.png */; };
		23B3B8121A08365E00800204 /* plceorder_btn_down.png in Resources */ = {isa = PBXBuildFile; fileRef = 23B3B8101A08365E00800204 /* plceorder_btn_down.png */; };
		23B3B8131A08365E00800204 /* plceorder_btn_up.png in Resources */ = {isa = PBXBuildFile; fileRef = 23B3B8111A08365E00800204 /* plceorder_btn_up.png */; };
		23C176BA19F47FB3009F82A3 /* RESTManager.m in Sources */ = {isa = PBXBuildFile; fileRef = 23C176B919F47FB3009F82A3 /* RESTManager.m */; };
		23C176BE19F48474009F82A3 /* UserObject.m in Sources */ = {isa = PBXBuildFile; fileRef = 23C176BD19F48474009F82A3 /* UserObject.m */; };
		23F400A11A0BCDF6009F09EE /* Lato-Bla.ttf in Resources */ = {isa = PBXBuildFile; fileRef = 23F400971A0BCDF6009F09EE /* Lato-Bla.ttf */; };
		23F400A21A0BCDF6009F09EE /* Lato-BlaIta.ttf in Resources */ = {isa = PBXBuildFile; fileRef = 23F400981A0BCDF6009F09EE /* Lato-BlaIta.ttf */; };
		23F400A31A0BCDF6009F09EE /* Lato-Bol.ttf in Resources */ = {isa = PBXBuildFile; fileRef = 23F400991A0BCDF6009F09EE /* Lato-Bol.ttf */; };
		23F400A41A0BCDF6009F09EE /* Lato-BolIta.ttf in Resources */ = {isa = PBXBuildFile; fileRef = 23F4009A1A0BCDF6009F09EE /* Lato-BolIta.ttf */; };
		23F400A51A0BCDF6009F09EE /* Lato-Hai.ttf in Resources */ = {isa = PBXBuildFile; fileRef = 23F4009B1A0BCDF6009F09EE /* Lato-Hai.ttf */; };
		23F400A61A0BCDF6009F09EE /* Lato-HaiIta.ttf in Resources */ = {isa = PBXBuildFile; fileRef = 23F4009C1A0BCDF6009F09EE /* Lato-HaiIta.ttf */; };
		23F400A71A0BCDF6009F09EE /* Lato-Lig.ttf in Resources */ = {isa = PBXBuildFile; fileRef = 23F4009D1A0BCDF6009F09EE /* Lato-Lig.ttf */; };
		23F400A81A0BCDF6009F09EE /* Lato-LigIta.ttf in Resources */ = {isa = PBXBuildFile; fileRef = 23F4009E1A0BCDF6009F09EE /* Lato-LigIta.ttf */; };
		23F400A91A0BCDF6009F09EE /* Lato-Reg.ttf in Resources */ = {isa = PBXBuildFile; fileRef = 23F4009F1A0BCDF6009F09EE /* Lato-Reg.ttf */; };
		23F400AA1A0BCDF6009F09EE /* Lato-RegIta.ttf in Resources */ = {isa = PBXBuildFile; fileRef = 23F400A01A0BCDF6009F09EE /* Lato-RegIta.ttf */; };
		7D0C6D0A19FEB05B00677DAF /* CustomButton.m in Sources */ = {isa = PBXBuildFile; fileRef = 7D0C6D0919FEB05B00677DAF /* CustomButton.m */; };
		7D17919E19F6B4FF00696B91 /* DBManager.m in Sources */ = {isa = PBXBuildFile; fileRef = 7D17919D19F6B4FF00696B91 /* DBManager.m */; };
		7D1791A019F6CDD000696B91 /* libsqlite3.dylib in Frameworks */ = {isa = PBXBuildFile; fileRef = 7D17919F19F6CDD000696B91 /* libsqlite3.dylib */; };
		7D7C19691A00B4670072E46E /* ShoppingCartViewController.m in Sources */ = {isa = PBXBuildFile; fileRef = 7D7C19671A00B4670072E46E /* ShoppingCartViewController.m */; };
		7D7C196A1A00B4670072E46E /* ShoppingCartViewController.xib in Resources */ = {isa = PBXBuildFile; fileRef = 7D7C19681A00B4670072E46E /* ShoppingCartViewController.xib */; };
		7D7C19701A0179180072E46E /* OrderObject.m in Sources */ = {isa = PBXBuildFile; fileRef = 7D7C196F1A0179180072E46E /* OrderObject.m */; };
		7D7D137119FAD81900B3FAE3 /* CategoryObject.m in Sources */ = {isa = PBXBuildFile; fileRef = 7D7D137019FAD81900B3FAE3 /* CategoryObject.m */; };
		7D845F0219F6DB24006C7B0E /* Foundation.framework in Frameworks */ = {isa = PBXBuildFile; fileRef = 7D845F0119F6DB24006C7B0E /* Foundation.framework */; };
		7DE6F4571A127EAC001EE3B9 /* MapKit.framework in Frameworks */ = {isa = PBXBuildFile; fileRef = 7DE6F4561A127EAC001EE3B9 /* MapKit.framework */; };
		7DE6F45B1A129B4C001EE3B9 /* illustration_04.png in Resources */ = {isa = PBXBuildFile; fileRef = 7DE6F45A1A129B4C001EE3B9 /* illustration_04.png */; };
		7DEE7EE619F60D190081BCEC /* ImageObject.m in Sources */ = {isa = PBXBuildFile; fileRef = 7DEE7EE319F60D190081BCEC /* ImageObject.m */; };
		7DEE7EE719F60D190081BCEC /* MasterObject.m in Sources */ = {isa = PBXBuildFile; fileRef = 7DEE7EE519F60D190081BCEC /* MasterObject.m */; };
		7DEE7EF019F610590081BCEC /* ProductCellTableViewCell.m in Sources */ = {isa = PBXBuildFile; fileRef = 7DEE7EEE19F610590081BCEC /* ProductCellTableViewCell.m */; };
		7DEE7EF119F610590081BCEC /* ProductCellTableViewCell.xib in Resources */ = {isa = PBXBuildFile; fileRef = 7DEE7EEF19F610590081BCEC /* ProductCellTableViewCell.xib */; };
		7DEE7EF419F610AD0081BCEC /* ProductObject.m in Sources */ = {isa = PBXBuildFile; fileRef = 7DEE7EF319F610AD0081BCEC /* ProductObject.m */; };
		7DEE7EF819F611D50081BCEC /* MenuViewController_iPhone.m in Sources */ = {isa = PBXBuildFile; fileRef = 7DEE7EF619F611D50081BCEC /* MenuViewController_iPhone.m */; };
		7DEE7EF919F611D50081BCEC /* MenuViewController_iPhone.xib in Resources */ = {isa = PBXBuildFile; fileRef = 7DEE7EF719F611D50081BCEC /* MenuViewController_iPhone.xib */; };
		C839FA4419F5923500BC01D5 /* UserProfileController.m in Sources */ = {isa = PBXBuildFile; fileRef = C839FA4219F5923500BC01D5 /* UserProfileController.m */; };
		C839FA4519F5923500BC01D5 /* UserProfileController.xib in Resources */ = {isa = PBXBuildFile; fileRef = C839FA4319F5923500BC01D5 /* UserProfileController.xib */; };
		C8653E4D1A0D5DF900A9F958 /* illustration_03.png in Resources */ = {isa = PBXBuildFile; fileRef = C8653E4C1A0D5DF900A9F958 /* illustration_03.png */; };
		C869B7251A001EF900F12C57 /* splash_ima.png in Resources */ = {isa = PBXBuildFile; fileRef = C869B7241A001EF900F12C57 /* splash_ima.png */; };
		C88352E91A0C4BA0001F3AA0 /* illustration_01.png in Resources */ = {isa = PBXBuildFile; fileRef = C88352E71A0C4BA0001F3AA0 /* illustration_01.png */; };
		C88352EA1A0C4BA0001F3AA0 /* illustration_02.png in Resources */ = {isa = PBXBuildFile; fileRef = C88352E81A0C4BA0001F3AA0 /* illustration_02.png */; };
		C89ED5BA1A0023ED004441A3 /* login_btn_down@2x.png in Resources */ = {isa = PBXBuildFile; fileRef = C89ED5B81A0023ED004441A3 /* login_btn_down@2x.png */; };
		C89ED5BB1A0023ED004441A3 /* login_btn_up@2x.png in Resources */ = {isa = PBXBuildFile; fileRef = C89ED5B91A0023ED004441A3 /* login_btn_up@2x.png */; };
		C8B7CC4A19F1D76600AEBA27 /* main.m in Sources */ = {isa = PBXBuildFile; fileRef = C8B7CC4919F1D76600AEBA27 /* main.m */; };
		C8B7CC4D19F1D76600AEBA27 /* AppDelegate.m in Sources */ = {isa = PBXBuildFile; fileRef = C8B7CC4C19F1D76600AEBA27 /* AppDelegate.m */; };
		C8B7CC5519F1D76600AEBA27 /* Images.xcassets in Resources */ = {isa = PBXBuildFile; fileRef = C8B7CC5419F1D76600AEBA27 /* Images.xcassets */; };
		C8B7CC5819F1D76600AEBA27 /* LaunchScreen.xib in Resources */ = {isa = PBXBuildFile; fileRef = C8B7CC5619F1D76600AEBA27 /* LaunchScreen.xib */; };
		C8B7CC6419F1D76600AEBA27 /* coffeeappTests.m in Sources */ = {isa = PBXBuildFile; fileRef = C8B7CC6319F1D76600AEBA27 /* coffeeappTests.m */; };
		C8B7CC7119F1D7BF00AEBA27 /* LoginViewController.m in Sources */ = {isa = PBXBuildFile; fileRef = C8B7CC6F19F1D7BF00AEBA27 /* LoginViewController.m */; };
		C8B7CC7219F1D7BF00AEBA27 /* LoginViewController.xib in Resources */ = {isa = PBXBuildFile; fileRef = C8B7CC7019F1D7BF00AEBA27 /* LoginViewController.xib */; };
		C8F5FACD19F86F7600BAFEA0 /* LeftMenuViewController.m in Sources */ = {isa = PBXBuildFile; fileRef = C8F5FACB19F86F7600BAFEA0 /* LeftMenuViewController.m */; };
		C8F5FACE19F86F7600BAFEA0 /* LeftMenuViewController.xib in Resources */ = {isa = PBXBuildFile; fileRef = C8F5FACC19F86F7600BAFEA0 /* LeftMenuViewController.xib */; };
		C8FB669E19F6F86000CBED84 /* MessageUI.framework in Frameworks */ = {isa = PBXBuildFile; fileRef = C8FB669D19F6F86000CBED84 /* MessageUI.framework */; };
		C8FB66A019F6F86E00CBED84 /* CoreGraphics.framework in Frameworks */ = {isa = PBXBuildFile; fileRef = C8FB669F19F6F86E00CBED84 /* CoreGraphics.framework */; };
		C8FB66A119F6F87C00CBED84 /* UIKit.framework in Frameworks */ = {isa = PBXBuildFile; fileRef = 7D845F0519F6DBF7006C7B0E /* UIKit.framework */; };
		C8FB66A319F6F88C00CBED84 /* CoreData.framework in Frameworks */ = {isa = PBXBuildFile; fileRef = C8FB66A219F6F88C00CBED84 /* CoreData.framework */; };
/* End PBXBuildFile section */

/* Begin PBXContainerItemProxy section */
		C8B7CC5E19F1D76600AEBA27 /* PBXContainerItemProxy */ = {
			isa = PBXContainerItemProxy;
			containerPortal = C8B7CC3C19F1D76600AEBA27 /* Project object */;
			proxyType = 1;
			remoteGlobalIDString = C8B7CC4319F1D76600AEBA27;
			remoteInfo = coffeeapp;
		};
/* End PBXContainerItemProxy section */

/* Begin PBXFileReference section */
		231293B21A1271D6003A5856 /* login_btn_down@3x.png */ = {isa = PBXFileReference; lastKnownFileType = image.png; path = "login_btn_down@3x.png"; sourceTree = "<group>"; };
		231293B31A1271D6003A5856 /* login_btn_up@3x.png */ = {isa = PBXFileReference; lastKnownFileType = image.png; path = "login_btn_up@3x.png"; sourceTree = "<group>"; };
		2329A9151A09B08600E93ABB /* label.png */ = {isa = PBXFileReference; lastKnownFileType = image.png; path = label.png; sourceTree = "<group>"; };
		232D03561A13F45B008791A4 /* delete_order_btn_down.png */ = {isa = PBXFileReference; lastKnownFileType = image.png; path = delete_order_btn_down.png; sourceTree = "<group>"; };
		232D03571A13F45B008791A4 /* delete_order_btn_up.png */ = {isa = PBXFileReference; lastKnownFileType = image.png; path = delete_order_btn_up.png; sourceTree = "<group>"; };
		233158EE1A168B0F006104C4 /* illustration_00.png */ = {isa = PBXFileReference; lastKnownFileType = image.png; path = illustration_00.png; sourceTree = "<group>"; };
		234BCE1D1A0D804200BA4074 /* crowdchef_iphone_120.png */ = {isa = PBXFileReference; lastKnownFileType = image.png; path = crowdchef_iphone_120.png; sourceTree = "<group>"; };
		234BCE1E1A0D804200BA4074 /* crowdchef_iphone_180.png */ = {isa = PBXFileReference; lastKnownFileType = image.png; path = crowdchef_iphone_180.png; sourceTree = "<group>"; };
		2354C3D01A0310FB00729A84 /* history_btn_selected.png */ = {isa = PBXFileReference; lastKnownFileType = image.png; path = history_btn_selected.png; sourceTree = "<group>"; };
		2354C3D21A03110900729A84 /* history_btn_up.png */ = {isa = PBXFileReference; lastKnownFileType = image.png; path = history_btn_up.png; sourceTree = "<group>"; };
		2354C3D41A03111F00729A84 /* neworders_btn_selected.png */ = {isa = PBXFileReference; lastKnownFileType = image.png; path = neworders_btn_selected.png; sourceTree = "<group>"; };
		2354C3D61A03113B00729A84 /* neworders_btn_up.png */ = {isa = PBXFileReference; lastKnownFileType = image.png; path = neworders_btn_up.png; sourceTree = "<group>"; };
		235975DC1A01518D0070E914 /* patron_01.png */ = {isa = PBXFileReference; lastKnownFileType = image.png; path = patron_01.png; sourceTree = "<group>"; };
		235975DE1A01736E0070E914 /* menu_btn.png */ = {isa = PBXFileReference; lastKnownFileType = image.png; path = menu_btn.png; sourceTree = "<group>"; };
		236FCB7B1A0051610021E2ED /* add_btn_down.png */ = {isa = PBXFileReference; lastKnownFileType = image.png; path = add_btn_down.png; sourceTree = "<group>"; };
		236FCB7D1A0051760021E2ED /* add_btn_up.png */ = {isa = PBXFileReference; lastKnownFileType = image.png; path = add_btn_up.png; sourceTree = "<group>"; };
		236FCB7F1A00519B0021E2ED /* add02_btn_down.png */ = {isa = PBXFileReference; lastKnownFileType = image.png; path = add02_btn_down.png; sourceTree = "<group>"; };
		236FCB811A0051A50021E2ED /* add02_btn_up.png */ = {isa = PBXFileReference; lastKnownFileType = image.png; path = add02_btn_up.png; sourceTree = "<group>"; };
		236FCB831A00587A0021E2ED /* outstock_btn_down.png */ = {isa = PBXFileReference; lastKnownFileType = image.png; path = outstock_btn_down.png; sourceTree = "<group>"; };
		236FCB851A0058880021E2ED /* outstock_btn_up.png */ = {isa = PBXFileReference; lastKnownFileType = image.png; path = outstock_btn_up.png; sourceTree = "<group>"; };
		236FCB871A0058E70021E2ED /* subtract_btn_down.png */ = {isa = PBXFileReference; lastKnownFileType = image.png; path = subtract_btn_down.png; sourceTree = "<group>"; };
		236FCB891A0058FB0021E2ED /* subtract_btn_up.png */ = {isa = PBXFileReference; lastKnownFileType = image.png; path = subtract_btn_up.png; sourceTree = "<group>"; };
		236FCB8B1A005C460021E2ED /* badge_ima.png */ = {isa = PBXFileReference; lastKnownFileType = image.png; path = badge_ima.png; sourceTree = "<group>"; };
		236FCB8D1A00688F0021E2ED /* item_transparency.png */ = {isa = PBXFileReference; lastKnownFileType = image.png; path = item_transparency.png; sourceTree = "<group>"; };
		23A5E13F1A0293E400590509 /* logout_btn_down.png */ = {isa = PBXFileReference; lastKnownFileType = image.png; path = logout_btn_down.png; sourceTree = "<group>"; };
		23A5E1401A0293E400590509 /* logout_btn_up.png */ = {isa = PBXFileReference; lastKnownFileType = image.png; path = logout_btn_up.png; sourceTree = "<group>"; };
		23A8E8B319FAAF050041D30F /* OrdersHistoryViewController.h */ = {isa = PBXFileReference; fileEncoding = 4; lastKnownFileType = sourcecode.c.h; path = OrdersHistoryViewController.h; sourceTree = "<group>"; };
		23A8E8B419FAAF050041D30F /* OrdersHistoryViewController.m */ = {isa = PBXFileReference; fileEncoding = 4; lastKnownFileType = sourcecode.c.objc; path = OrdersHistoryViewController.m; sourceTree = "<group>"; };
		23A8E8B519FAAF050041D30F /* OrdersHistoryViewController.xib */ = {isa = PBXFileReference; fileEncoding = 4; lastKnownFileType = file.xib; path = OrdersHistoryViewController.xib; sourceTree = "<group>"; };
		23B3B80E1A0812BF00800204 /* item_transparency_03.png */ = {isa = PBXFileReference; lastKnownFileType = image.png; path = item_transparency_03.png; sourceTree = "<group>"; };
		23B3B8101A08365E00800204 /* plceorder_btn_down.png */ = {isa = PBXFileReference; lastKnownFileType = image.png; path = plceorder_btn_down.png; sourceTree = "<group>"; };
		23B3B8111A08365E00800204 /* plceorder_btn_up.png */ = {isa = PBXFileReference; lastKnownFileType = image.png; path = plceorder_btn_up.png; sourceTree = "<group>"; };
		23C176B819F47FB3009F82A3 /* RESTManager.h */ = {isa = PBXFileReference; fileEncoding = 4; lastKnownFileType = sourcecode.c.h; path = RESTManager.h; sourceTree = "<group>"; };
		23C176B919F47FB3009F82A3 /* RESTManager.m */ = {isa = PBXFileReference; fileEncoding = 4; lastKnownFileType = sourcecode.c.objc; path = RESTManager.m; sourceTree = "<group>"; };
		23C176BC19F48474009F82A3 /* UserObject.h */ = {isa = PBXFileReference; fileEncoding = 4; lastKnownFileType = sourcecode.c.h; path = UserObject.h; sourceTree = "<group>"; };
		23C176BD19F48474009F82A3 /* UserObject.m */ = {isa = PBXFileReference; fileEncoding = 4; lastKnownFileType = sourcecode.c.objc; path = UserObject.m; sourceTree = "<group>"; };
		23F400971A0BCDF6009F09EE /* Lato-Bla.ttf */ = {isa = PBXFileReference; lastKnownFileType = file; path = "Lato-Bla.ttf"; sourceTree = "<group>"; };
		23F400981A0BCDF6009F09EE /* Lato-BlaIta.ttf */ = {isa = PBXFileReference; lastKnownFileType = file; path = "Lato-BlaIta.ttf"; sourceTree = "<group>"; };
		23F400991A0BCDF6009F09EE /* Lato-Bol.ttf */ = {isa = PBXFileReference; lastKnownFileType = file; path = "Lato-Bol.ttf"; sourceTree = "<group>"; };
		23F4009A1A0BCDF6009F09EE /* Lato-BolIta.ttf */ = {isa = PBXFileReference; lastKnownFileType = file; path = "Lato-BolIta.ttf"; sourceTree = "<group>"; };
		23F4009B1A0BCDF6009F09EE /* Lato-Hai.ttf */ = {isa = PBXFileReference; lastKnownFileType = file; path = "Lato-Hai.ttf"; sourceTree = "<group>"; };
		23F4009C1A0BCDF6009F09EE /* Lato-HaiIta.ttf */ = {isa = PBXFileReference; lastKnownFileType = file; path = "Lato-HaiIta.ttf"; sourceTree = "<group>"; };
		23F4009D1A0BCDF6009F09EE /* Lato-Lig.ttf */ = {isa = PBXFileReference; lastKnownFileType = file; path = "Lato-Lig.ttf"; sourceTree = "<group>"; };
		23F4009E1A0BCDF6009F09EE /* Lato-LigIta.ttf */ = {isa = PBXFileReference; lastKnownFileType = file; path = "Lato-LigIta.ttf"; sourceTree = "<group>"; };
		23F4009F1A0BCDF6009F09EE /* Lato-Reg.ttf */ = {isa = PBXFileReference; lastKnownFileType = file; path = "Lato-Reg.ttf"; sourceTree = "<group>"; };
		23F400A01A0BCDF6009F09EE /* Lato-RegIta.ttf */ = {isa = PBXFileReference; lastKnownFileType = file; path = "Lato-RegIta.ttf"; sourceTree = "<group>"; };
		39EAE09A761A7211E49B6549 /* libPods.a */ = {isa = PBXFileReference; explicitFileType = archive.ar; includeInIndex = 0; path = libPods.a; sourceTree = BUILT_PRODUCTS_DIR; };
		7D0C6D0819FEB05B00677DAF /* CustomButton.h */ = {isa = PBXFileReference; fileEncoding = 4; lastKnownFileType = sourcecode.c.h; path = CustomButton.h; sourceTree = "<group>"; };
		7D0C6D0919FEB05B00677DAF /* CustomButton.m */ = {isa = PBXFileReference; fileEncoding = 4; lastKnownFileType = sourcecode.c.objc; path = CustomButton.m; sourceTree = "<group>"; };
		7D17919C19F6B4FF00696B91 /* DBManager.h */ = {isa = PBXFileReference; fileEncoding = 4; lastKnownFileType = sourcecode.c.h; path = DBManager.h; sourceTree = "<group>"; };
		7D17919D19F6B4FF00696B91 /* DBManager.m */ = {isa = PBXFileReference; fileEncoding = 4; lastKnownFileType = sourcecode.c.objc; path = DBManager.m; sourceTree = "<group>"; };
		7D17919F19F6CDD000696B91 /* libsqlite3.dylib */ = {isa = PBXFileReference; lastKnownFileType = "compiled.mach-o.dylib"; name = libsqlite3.dylib; path = usr/lib/libsqlite3.dylib; sourceTree = SDKROOT; };
		7D7C19661A00B4670072E46E /* ShoppingCartViewController.h */ = {isa = PBXFileReference; fileEncoding = 4; lastKnownFileType = sourcecode.c.h; path = ShoppingCartViewController.h; sourceTree = "<group>"; };
		7D7C19671A00B4670072E46E /* ShoppingCartViewController.m */ = {isa = PBXFileReference; fileEncoding = 4; lastKnownFileType = sourcecode.c.objc; path = ShoppingCartViewController.m; sourceTree = "<group>"; };
		7D7C19681A00B4670072E46E /* ShoppingCartViewController.xib */ = {isa = PBXFileReference; fileEncoding = 4; lastKnownFileType = file.xib; path = ShoppingCartViewController.xib; sourceTree = "<group>"; };
		7D7C196E1A0179180072E46E /* OrderObject.h */ = {isa = PBXFileReference; fileEncoding = 4; lastKnownFileType = sourcecode.c.h; path = OrderObject.h; sourceTree = "<group>"; };
		7D7C196F1A0179180072E46E /* OrderObject.m */ = {isa = PBXFileReference; fileEncoding = 4; lastKnownFileType = sourcecode.c.objc; path = OrderObject.m; sourceTree = "<group>"; };
		7D7D136F19FAD81900B3FAE3 /* CategoryObject.h */ = {isa = PBXFileReference; fileEncoding = 4; lastKnownFileType = sourcecode.c.h; path = CategoryObject.h; sourceTree = "<group>"; };
		7D7D137019FAD81900B3FAE3 /* CategoryObject.m */ = {isa = PBXFileReference; fileEncoding = 4; lastKnownFileType = sourcecode.c.objc; path = CategoryObject.m; sourceTree = "<group>"; };
		7D845F0119F6DB24006C7B0E /* Foundation.framework */ = {isa = PBXFileReference; lastKnownFileType = wrapper.framework; name = Foundation.framework; path = System/Library/Frameworks/Foundation.framework; sourceTree = SDKROOT; };
		7D845F0519F6DBF7006C7B0E /* UIKit.framework */ = {isa = PBXFileReference; lastKnownFileType = wrapper.framework; name = UIKit.framework; path = System/Library/Frameworks/UIKit.framework; sourceTree = SDKROOT; };
		7DE6F4561A127EAC001EE3B9 /* MapKit.framework */ = {isa = PBXFileReference; lastKnownFileType = wrapper.framework; name = MapKit.framework; path = System/Library/Frameworks/MapKit.framework; sourceTree = SDKROOT; };
		7DE6F45A1A129B4C001EE3B9 /* illustration_04.png */ = {isa = PBXFileReference; lastKnownFileType = image.png; path = illustration_04.png; sourceTree = "<group>"; };
		7DEE7EE219F60D190081BCEC /* ImageObject.h */ = {isa = PBXFileReference; fileEncoding = 4; lastKnownFileType = sourcecode.c.h; path = ImageObject.h; sourceTree = "<group>"; };
		7DEE7EE319F60D190081BCEC /* ImageObject.m */ = {isa = PBXFileReference; fileEncoding = 4; lastKnownFileType = sourcecode.c.objc; path = ImageObject.m; sourceTree = "<group>"; };
		7DEE7EE419F60D190081BCEC /* MasterObject.h */ = {isa = PBXFileReference; fileEncoding = 4; lastKnownFileType = sourcecode.c.h; path = MasterObject.h; sourceTree = "<group>"; };
		7DEE7EE519F60D190081BCEC /* MasterObject.m */ = {isa = PBXFileReference; fileEncoding = 4; lastKnownFileType = sourcecode.c.objc; path = MasterObject.m; sourceTree = "<group>"; };
		7DEE7EED19F610590081BCEC /* ProductCellTableViewCell.h */ = {isa = PBXFileReference; fileEncoding = 4; lastKnownFileType = sourcecode.c.h; path = ProductCellTableViewCell.h; sourceTree = "<group>"; };
		7DEE7EEE19F610590081BCEC /* ProductCellTableViewCell.m */ = {isa = PBXFileReference; fileEncoding = 4; lastKnownFileType = sourcecode.c.objc; path = ProductCellTableViewCell.m; sourceTree = "<group>"; };
		7DEE7EEF19F610590081BCEC /* ProductCellTableViewCell.xib */ = {isa = PBXFileReference; fileEncoding = 4; lastKnownFileType = file.xib; path = ProductCellTableViewCell.xib; sourceTree = "<group>"; };
		7DEE7EF219F610AD0081BCEC /* ProductObject.h */ = {isa = PBXFileReference; fileEncoding = 4; lastKnownFileType = sourcecode.c.h; path = ProductObject.h; sourceTree = "<group>"; };
		7DEE7EF319F610AD0081BCEC /* ProductObject.m */ = {isa = PBXFileReference; fileEncoding = 4; lastKnownFileType = sourcecode.c.objc; path = ProductObject.m; sourceTree = "<group>"; };
		7DEE7EF519F611D50081BCEC /* MenuViewController_iPhone.h */ = {isa = PBXFileReference; fileEncoding = 4; lastKnownFileType = sourcecode.c.h; path = MenuViewController_iPhone.h; sourceTree = "<group>"; };
		7DEE7EF619F611D50081BCEC /* MenuViewController_iPhone.m */ = {isa = PBXFileReference; fileEncoding = 4; lastKnownFileType = sourcecode.c.objc; path = MenuViewController_iPhone.m; sourceTree = "<group>"; };
		7DEE7EF719F611D50081BCEC /* MenuViewController_iPhone.xib */ = {isa = PBXFileReference; fileEncoding = 4; lastKnownFileType = file.xib; path = MenuViewController_iPhone.xib; sourceTree = "<group>"; };
		C839FA4119F5923500BC01D5 /* UserProfileController.h */ = {isa = PBXFileReference; fileEncoding = 4; lastKnownFileType = sourcecode.c.h; path = UserProfileController.h; sourceTree = "<group>"; };
		C839FA4219F5923500BC01D5 /* UserProfileController.m */ = {isa = PBXFileReference; fileEncoding = 4; lastKnownFileType = sourcecode.c.objc; path = UserProfileController.m; sourceTree = "<group>"; };
		C839FA4319F5923500BC01D5 /* UserProfileController.xib */ = {isa = PBXFileReference; fileEncoding = 4; lastKnownFileType = file.xib; path = UserProfileController.xib; sourceTree = "<group>"; };
		C8653E4C1A0D5DF900A9F958 /* illustration_03.png */ = {isa = PBXFileReference; lastKnownFileType = image.png; path = illustration_03.png; sourceTree = "<group>"; };
		C869B7241A001EF900F12C57 /* splash_ima.png */ = {isa = PBXFileReference; lastKnownFileType = image.png; path = splash_ima.png; sourceTree = "<group>"; };
		C88352E71A0C4BA0001F3AA0 /* illustration_01.png */ = {isa = PBXFileReference; lastKnownFileType = image.png; path = illustration_01.png; sourceTree = "<group>"; };
		C88352E81A0C4BA0001F3AA0 /* illustration_02.png */ = {isa = PBXFileReference; lastKnownFileType = image.png; path = illustration_02.png; sourceTree = "<group>"; };
		C89ED5B81A0023ED004441A3 /* login_btn_down@2x.png */ = {isa = PBXFileReference; lastKnownFileType = image.png; path = "login_btn_down@2x.png"; sourceTree = "<group>"; };
		C89ED5B91A0023ED004441A3 /* login_btn_up@2x.png */ = {isa = PBXFileReference; lastKnownFileType = image.png; path = "login_btn_up@2x.png"; sourceTree = "<group>"; };
		C8B7CC4419F1D76600AEBA27 /* coffeeapp.app */ = {isa = PBXFileReference; explicitFileType = wrapper.application; includeInIndex = 0; path = coffeeapp.app; sourceTree = BUILT_PRODUCTS_DIR; };
		C8B7CC4819F1D76600AEBA27 /* Info.plist */ = {isa = PBXFileReference; lastKnownFileType = text.plist.xml; path = Info.plist; sourceTree = "<group>"; };
		C8B7CC4919F1D76600AEBA27 /* main.m */ = {isa = PBXFileReference; lastKnownFileType = sourcecode.c.objc; path = main.m; sourceTree = "<group>"; };
		C8B7CC4B19F1D76600AEBA27 /* AppDelegate.h */ = {isa = PBXFileReference; lastKnownFileType = sourcecode.c.h; path = AppDelegate.h; sourceTree = "<group>"; };
		C8B7CC4C19F1D76600AEBA27 /* AppDelegate.m */ = {isa = PBXFileReference; lastKnownFileType = sourcecode.c.objc; path = AppDelegate.m; sourceTree = "<group>"; };
		C8B7CC5419F1D76600AEBA27 /* Images.xcassets */ = {isa = PBXFileReference; lastKnownFileType = folder.assetcatalog; path = Images.xcassets; sourceTree = "<group>"; };
		C8B7CC5719F1D76600AEBA27 /* Base */ = {isa = PBXFileReference; lastKnownFileType = file.xib; name = Base; path = Base.lproj/LaunchScreen.xib; sourceTree = "<group>"; };
		C8B7CC5D19F1D76600AEBA27 /* coffeeappTests.xctest */ = {isa = PBXFileReference; explicitFileType = wrapper.cfbundle; includeInIndex = 0; path = coffeeappTests.xctest; sourceTree = BUILT_PRODUCTS_DIR; };
		C8B7CC6219F1D76600AEBA27 /* Info.plist */ = {isa = PBXFileReference; lastKnownFileType = text.plist.xml; path = Info.plist; sourceTree = "<group>"; };
		C8B7CC6319F1D76600AEBA27 /* coffeeappTests.m */ = {isa = PBXFileReference; lastKnownFileType = sourcecode.c.objc; path = coffeeappTests.m; sourceTree = "<group>"; };
		C8B7CC6E19F1D7BF00AEBA27 /* LoginViewController.h */ = {isa = PBXFileReference; fileEncoding = 4; lastKnownFileType = sourcecode.c.h; path = LoginViewController.h; sourceTree = "<group>"; };
		C8B7CC6F19F1D7BF00AEBA27 /* LoginViewController.m */ = {isa = PBXFileReference; fileEncoding = 4; lastKnownFileType = sourcecode.c.objc; path = LoginViewController.m; sourceTree = "<group>"; };
		C8B7CC7019F1D7BF00AEBA27 /* LoginViewController.xib */ = {isa = PBXFileReference; fileEncoding = 4; lastKnownFileType = file.xib; path = LoginViewController.xib; sourceTree = "<group>"; };
		C8F5FACA19F86F7600BAFEA0 /* LeftMenuViewController.h */ = {isa = PBXFileReference; fileEncoding = 4; lastKnownFileType = sourcecode.c.h; path = LeftMenuViewController.h; sourceTree = "<group>"; };
		C8F5FACB19F86F7600BAFEA0 /* LeftMenuViewController.m */ = {isa = PBXFileReference; fileEncoding = 4; lastKnownFileType = sourcecode.c.objc; path = LeftMenuViewController.m; sourceTree = "<group>"; };
		C8F5FACC19F86F7600BAFEA0 /* LeftMenuViewController.xib */ = {isa = PBXFileReference; fileEncoding = 4; lastKnownFileType = file.xib; path = LeftMenuViewController.xib; sourceTree = "<group>"; };
		C8FB669D19F6F86000CBED84 /* MessageUI.framework */ = {isa = PBXFileReference; lastKnownFileType = wrapper.framework; name = MessageUI.framework; path = System/Library/Frameworks/MessageUI.framework; sourceTree = SDKROOT; };
		C8FB669F19F6F86E00CBED84 /* CoreGraphics.framework */ = {isa = PBXFileReference; lastKnownFileType = wrapper.framework; name = CoreGraphics.framework; path = System/Library/Frameworks/CoreGraphics.framework; sourceTree = SDKROOT; };
		C8FB66A219F6F88C00CBED84 /* CoreData.framework */ = {isa = PBXFileReference; lastKnownFileType = wrapper.framework; name = CoreData.framework; path = System/Library/Frameworks/CoreData.framework; sourceTree = SDKROOT; };
		D3031F617E2B201F1E3F8C63 /* Pods.release.xcconfig */ = {isa = PBXFileReference; includeInIndex = 1; lastKnownFileType = text.xcconfig; name = Pods.release.xcconfig; path = "Pods/Target Support Files/Pods/Pods.release.xcconfig"; sourceTree = "<group>"; };
		E60F9533A1FEE1282C1CFB72 /* Pods.debug.xcconfig */ = {isa = PBXFileReference; includeInIndex = 1; lastKnownFileType = text.xcconfig; name = Pods.debug.xcconfig; path = "Pods/Target Support Files/Pods/Pods.debug.xcconfig"; sourceTree = "<group>"; };
/* End PBXFileReference section */

/* Begin PBXFrameworksBuildPhase section */
		C8B7CC4119F1D76600AEBA27 /* Frameworks */ = {
			isa = PBXFrameworksBuildPhase;
			buildActionMask = 2147483647;
			files = (
				7DE6F4571A127EAC001EE3B9 /* MapKit.framework in Frameworks */,
				C8FB66A319F6F88C00CBED84 /* CoreData.framework in Frameworks */,
				C8FB66A119F6F87C00CBED84 /* UIKit.framework in Frameworks */,
				C8FB66A019F6F86E00CBED84 /* CoreGraphics.framework in Frameworks */,
				C8FB669E19F6F86000CBED84 /* MessageUI.framework in Frameworks */,
				7D845F0219F6DB24006C7B0E /* Foundation.framework in Frameworks */,
				7D1791A019F6CDD000696B91 /* libsqlite3.dylib in Frameworks */,
				22536D09CF9C58200B049A39 /* libPods.a in Frameworks */,
			);
			runOnlyForDeploymentPostprocessing = 0;
		};
		C8B7CC5A19F1D76600AEBA27 /* Frameworks */ = {
			isa = PBXFrameworksBuildPhase;
			buildActionMask = 2147483647;
			files = (
			);
			runOnlyForDeploymentPostprocessing = 0;
		};
/* End PBXFrameworksBuildPhase section */

/* Begin PBXGroup section */
		23C176B719F47F8E009F82A3 /* Managers */ = {
			isa = PBXGroup;
			children = (
				7D17919C19F6B4FF00696B91 /* DBManager.h */,
				7D17919D19F6B4FF00696B91 /* DBManager.m */,
				23C176B819F47FB3009F82A3 /* RESTManager.h */,
				23C176B919F47FB3009F82A3 /* RESTManager.m */,
			);
			name = Managers;
			sourceTree = "<group>";
		};
		23C176BB19F48455009F82A3 /* VO */ = {
			isa = PBXGroup;
			children = (
				7D7C196E1A0179180072E46E /* OrderObject.h */,
				7D7C196F1A0179180072E46E /* OrderObject.m */,
				7DEE7EE219F60D190081BCEC /* ImageObject.h */,
				7DEE7EE319F60D190081BCEC /* ImageObject.m */,
				7DEE7EE419F60D190081BCEC /* MasterObject.h */,
				7DEE7EE519F60D190081BCEC /* MasterObject.m */,
				7DEE7EF219F610AD0081BCEC /* ProductObject.h */,
				7DEE7EF319F610AD0081BCEC /* ProductObject.m */,
				7D7D136F19FAD81900B3FAE3 /* CategoryObject.h */,
				7D7D137019FAD81900B3FAE3 /* CategoryObject.m */,
				23C176BC19F48474009F82A3 /* UserObject.h */,
				23C176BD19F48474009F82A3 /* UserObject.m */,
			);
			name = VO;
			sourceTree = "<group>";
		};
		23F400951A0BCD9D009F09EE /* Fonts */ = {
			isa = PBXGroup;
			children = (
				23F400961A0BCDD1009F09EE /* Lato */,
			);
			name = Fonts;
			sourceTree = "<group>";
		};
		23F400961A0BCDD1009F09EE /* Lato */ = {
			isa = PBXGroup;
			children = (
				23F400971A0BCDF6009F09EE /* Lato-Bla.ttf */,
				23F400981A0BCDF6009F09EE /* Lato-BlaIta.ttf */,
				23F400991A0BCDF6009F09EE /* Lato-Bol.ttf */,
				23F4009A1A0BCDF6009F09EE /* Lato-BolIta.ttf */,
				23F4009B1A0BCDF6009F09EE /* Lato-Hai.ttf */,
				23F4009C1A0BCDF6009F09EE /* Lato-HaiIta.ttf */,
				23F4009D1A0BCDF6009F09EE /* Lato-Lig.ttf */,
				23F4009E1A0BCDF6009F09EE /* Lato-LigIta.ttf */,
				23F4009F1A0BCDF6009F09EE /* Lato-Reg.ttf */,
				23F400A01A0BCDF6009F09EE /* Lato-RegIta.ttf */,
			);
			name = Lato;
			sourceTree = "<group>";
		};
		7D0C6D0719FEB03300677DAF /* Views */ = {
			isa = PBXGroup;
			children = (
				7D0C6D0819FEB05B00677DAF /* CustomButton.h */,
				7D0C6D0919FEB05B00677DAF /* CustomButton.m */,
			);
			name = Views;
			sourceTree = "<group>";
		};
		C869B7231A001ED800F12C57 /* assets */ = {
			isa = PBXGroup;
			children = (
				233158EE1A168B0F006104C4 /* illustration_00.png */,
				232D03561A13F45B008791A4 /* delete_order_btn_down.png */,
				232D03571A13F45B008791A4 /* delete_order_btn_up.png */,
				231293B21A1271D6003A5856 /* login_btn_down@3x.png */,
				231293B31A1271D6003A5856 /* login_btn_up@3x.png */,
				236FCB8B1A005C460021E2ED /* badge_ima.png */,
				234BCE1D1A0D804200BA4074 /* crowdchef_iphone_120.png */,
				234BCE1E1A0D804200BA4074 /* crowdchef_iphone_180.png */,
				2354C3D01A0310FB00729A84 /* history_btn_selected.png */,
				2354C3D21A03110900729A84 /* history_btn_up.png */,
				C88352E71A0C4BA0001F3AA0 /* illustration_01.png */,
				C88352E81A0C4BA0001F3AA0 /* illustration_02.png */,
				C8653E4C1A0D5DF900A9F958 /* illustration_03.png */,
				7DE6F45A1A129B4C001EE3B9 /* illustration_04.png */,
				23B3B80E1A0812BF00800204 /* item_transparency_03.png */,
				236FCB8D1A00688F0021E2ED /* item_transparency.png */,
				2329A9151A09B08600E93ABB /* label.png */,
				23A5E13F1A0293E400590509 /* logout_btn_down.png */,
				23A5E1401A0293E400590509 /* logout_btn_up.png */,
				235975DE1A01736E0070E914 /* menu_btn.png */,
				2354C3D41A03111F00729A84 /* neworders_btn_selected.png */,
				2354C3D61A03113B00729A84 /* neworders_btn_up.png */,
				236FCB831A00587A0021E2ED /* outstock_btn_down.png */,
				236FCB811A0051A50021E2ED /* add02_btn_up.png */,
				236FCB7F1A00519B0021E2ED /* add02_btn_down.png */,
				236FCB7D1A0051760021E2ED /* add_btn_up.png */,
				236FCB7B1A0051610021E2ED /* add_btn_down.png */,
				C89ED5B81A0023ED004441A3 /* login_btn_down@2x.png */,
				C89ED5B91A0023ED004441A3 /* login_btn_up@2x.png */,
				236FCB851A0058880021E2ED /* outstock_btn_up.png */,
				235975DC1A01518D0070E914 /* patron_01.png */,
				23B3B8101A08365E00800204 /* plceorder_btn_down.png */,
				23B3B8111A08365E00800204 /* plceorder_btn_up.png */,
				C869B7241A001EF900F12C57 /* splash_ima.png */,
				236FCB871A0058E70021E2ED /* subtract_btn_down.png */,
				236FCB891A0058FB0021E2ED /* subtract_btn_up.png */,
				23F400951A0BCD9D009F09EE /* Fonts */,
			);
			name = assets;
			sourceTree = "<group>";
		};
		C8B7CC3B19F1D76600AEBA27 = {
			isa = PBXGroup;
			children = (
				C8B7CC4619F1D76600AEBA27 /* coffeeapp */,
				C8B7CC6019F1D76600AEBA27 /* coffeeappTests */,
				C8B7CC4519F1D76600AEBA27 /* Products */,
				F7B1B57AD14406962D60DD0A /* Pods */,
				E1D64AD1A07F8D544705FCE6 /* Frameworks */,
			);
			sourceTree = "<group>";
		};
		C8B7CC4519F1D76600AEBA27 /* Products */ = {
			isa = PBXGroup;
			children = (
				C8B7CC4419F1D76600AEBA27 /* coffeeapp.app */,
				C8B7CC5D19F1D76600AEBA27 /* coffeeappTests.xctest */,
			);
			name = Products;
			sourceTree = "<group>";
		};
		C8B7CC4619F1D76600AEBA27 /* coffeeapp */ = {
			isa = PBXGroup;
			children = (
				7D0C6D0719FEB03300677DAF /* Views */,
				23C176BB19F48455009F82A3 /* VO */,
				23C176B719F47F8E009F82A3 /* Managers */,
				C8B7CC6D19F1D7A300AEBA27 /* ViewControllers */,
				C8B7CC4B19F1D76600AEBA27 /* AppDelegate.h */,
				C8B7CC4C19F1D76600AEBA27 /* AppDelegate.m */,
				C8B7CC5419F1D76600AEBA27 /* Images.xcassets */,
				C8B7CC5619F1D76600AEBA27 /* LaunchScreen.xib */,
				C8B7CC4719F1D76600AEBA27 /* Supporting Files */,
			);
			path = coffeeapp;
			sourceTree = "<group>";
		};
		C8B7CC4719F1D76600AEBA27 /* Supporting Files */ = {
			isa = PBXGroup;
			children = (
				C869B7231A001ED800F12C57 /* assets */,
				C8B7CC4819F1D76600AEBA27 /* Info.plist */,
				C8B7CC4919F1D76600AEBA27 /* main.m */,
			);
			name = "Supporting Files";
			sourceTree = "<group>";
		};
		C8B7CC6019F1D76600AEBA27 /* coffeeappTests */ = {
			isa = PBXGroup;
			children = (
				C8B7CC6319F1D76600AEBA27 /* coffeeappTests.m */,
				C8B7CC6119F1D76600AEBA27 /* Supporting Files */,
			);
			path = coffeeappTests;
			sourceTree = "<group>";
		};
		C8B7CC6119F1D76600AEBA27 /* Supporting Files */ = {
			isa = PBXGroup;
			children = (
				C8B7CC6219F1D76600AEBA27 /* Info.plist */,
			);
			name = "Supporting Files";
			sourceTree = "<group>";
		};
		C8B7CC6D19F1D7A300AEBA27 /* ViewControllers */ = {
			isa = PBXGroup;
			children = (
				C8F5FACA19F86F7600BAFEA0 /* LeftMenuViewController.h */,
				C8F5FACB19F86F7600BAFEA0 /* LeftMenuViewController.m */,
				C8F5FACC19F86F7600BAFEA0 /* LeftMenuViewController.xib */,
				C8B7CC6E19F1D7BF00AEBA27 /* LoginViewController.h */,
				C8B7CC6F19F1D7BF00AEBA27 /* LoginViewController.m */,
				C8B7CC7019F1D7BF00AEBA27 /* LoginViewController.xib */,
				7DEE7EF519F611D50081BCEC /* MenuViewController_iPhone.h */,
				7DEE7EF619F611D50081BCEC /* MenuViewController_iPhone.m */,
				7DEE7EF719F611D50081BCEC /* MenuViewController_iPhone.xib */,
				23A8E8B319FAAF050041D30F /* OrdersHistoryViewController.h */,
				23A8E8B419FAAF050041D30F /* OrdersHistoryViewController.m */,
				23A8E8B519FAAF050041D30F /* OrdersHistoryViewController.xib */,
				7DEE7EED19F610590081BCEC /* ProductCellTableViewCell.h */,
				7DEE7EEE19F610590081BCEC /* ProductCellTableViewCell.m */,
				7DEE7EEF19F610590081BCEC /* ProductCellTableViewCell.xib */,
				7D7C19661A00B4670072E46E /* ShoppingCartViewController.h */,
				7D7C19671A00B4670072E46E /* ShoppingCartViewController.m */,
				7D7C19681A00B4670072E46E /* ShoppingCartViewController.xib */,
				C839FA4119F5923500BC01D5 /* UserProfileController.h */,
				C839FA4219F5923500BC01D5 /* UserProfileController.m */,
				C839FA4319F5923500BC01D5 /* UserProfileController.xib */,
			);
			name = ViewControllers;
			sourceTree = "<group>";
		};
		E1D64AD1A07F8D544705FCE6 /* Frameworks */ = {
			isa = PBXGroup;
			children = (
				7DE6F4561A127EAC001EE3B9 /* MapKit.framework */,
				C8FB66A219F6F88C00CBED84 /* CoreData.framework */,
				C8FB669F19F6F86E00CBED84 /* CoreGraphics.framework */,
				C8FB669D19F6F86000CBED84 /* MessageUI.framework */,
				7D845F0519F6DBF7006C7B0E /* UIKit.framework */,
				7D845F0119F6DB24006C7B0E /* Foundation.framework */,
				7D17919F19F6CDD000696B91 /* libsqlite3.dylib */,
				39EAE09A761A7211E49B6549 /* libPods.a */,
			);
			name = Frameworks;
			sourceTree = "<group>";
		};
		F7B1B57AD14406962D60DD0A /* Pods */ = {
			isa = PBXGroup;
			children = (
				E60F9533A1FEE1282C1CFB72 /* Pods.debug.xcconfig */,
				D3031F617E2B201F1E3F8C63 /* Pods.release.xcconfig */,
			);
			name = Pods;
			sourceTree = "<group>";
		};
/* End PBXGroup section */

/* Begin PBXNativeTarget section */
		C8B7CC4319F1D76600AEBA27 /* coffeeapp */ = {
			isa = PBXNativeTarget;
			buildConfigurationList = C8B7CC6719F1D76600AEBA27 /* Build configuration list for PBXNativeTarget "coffeeapp" */;
			buildPhases = (
				70F178DB10269BB968E08FCA /* Check Pods Manifest.lock */,
				C8B7CC4019F1D76600AEBA27 /* Sources */,
				C8B7CC4119F1D76600AEBA27 /* Frameworks */,
				C8B7CC4219F1D76600AEBA27 /* Resources */,
				893B7B625F1479EB12AD232F /* Copy Pods Resources */,
			);
			buildRules = (
			);
			dependencies = (
			);
			name = coffeeapp;
			productName = coffeeapp;
			productReference = C8B7CC4419F1D76600AEBA27 /* coffeeapp.app */;
			productType = "com.apple.product-type.application";
		};
		C8B7CC5C19F1D76600AEBA27 /* coffeeappTests */ = {
			isa = PBXNativeTarget;
			buildConfigurationList = C8B7CC6A19F1D76600AEBA27 /* Build configuration list for PBXNativeTarget "coffeeappTests" */;
			buildPhases = (
				C8B7CC5919F1D76600AEBA27 /* Sources */,
				C8B7CC5A19F1D76600AEBA27 /* Frameworks */,
				C8B7CC5B19F1D76600AEBA27 /* Resources */,
			);
			buildRules = (
			);
			dependencies = (
				C8B7CC5F19F1D76600AEBA27 /* PBXTargetDependency */,
			);
			name = coffeeappTests;
			productName = coffeeappTests;
			productReference = C8B7CC5D19F1D76600AEBA27 /* coffeeappTests.xctest */;
			productType = "com.apple.product-type.bundle.unit-test";
		};
/* End PBXNativeTarget section */

/* Begin PBXProject section */
		C8B7CC3C19F1D76600AEBA27 /* Project object */ = {
			isa = PBXProject;
			attributes = {
				LastUpgradeCheck = 0600;
				ORGANIZATIONNAME = crowdint;
				TargetAttributes = {
					C8B7CC4319F1D76600AEBA27 = {
						CreatedOnToolsVersion = 6.0.1;
						DevelopmentTeam = D7848S8M4T;
					};
					C8B7CC5C19F1D76600AEBA27 = {
						CreatedOnToolsVersion = 6.0.1;
						DevelopmentTeam = D7848S8M4T;
						TestTargetID = C8B7CC4319F1D76600AEBA27;
					};
				};
			};
			buildConfigurationList = C8B7CC3F19F1D76600AEBA27 /* Build configuration list for PBXProject "coffeeapp" */;
			compatibilityVersion = "Xcode 3.2";
			developmentRegion = English;
			hasScannedForEncodings = 0;
			knownRegions = (
				en,
				Base,
			);
			mainGroup = C8B7CC3B19F1D76600AEBA27;
			productRefGroup = C8B7CC4519F1D76600AEBA27 /* Products */;
			projectDirPath = "";
			projectRoot = "";
			targets = (
				C8B7CC4319F1D76600AEBA27 /* coffeeapp */,
				C8B7CC5C19F1D76600AEBA27 /* coffeeappTests */,
			);
		};
/* End PBXProject section */

/* Begin PBXResourcesBuildPhase section */
		C8B7CC4219F1D76600AEBA27 /* Resources */ = {
			isa = PBXResourcesBuildPhase;
			buildActionMask = 2147483647;
			files = (
				7D7C196A1A00B4670072E46E /* ShoppingCartViewController.xib in Resources */,
				23F400A71A0BCDF6009F09EE /* Lato-Lig.ttf in Resources */,
				231293B41A1271D6003A5856 /* login_btn_down@3x.png in Resources */,
				23B3B80F1A0812BF00800204 /* item_transparency_03.png in Resources */,
				236FCB801A00519B0021E2ED /* add02_btn_down.png in Resources */,
				23B3B8121A08365E00800204 /* plceorder_btn_down.png in Resources */,
				C88352EA1A0C4BA0001F3AA0 /* illustration_02.png in Resources */,
				23F400A11A0BCDF6009F09EE /* Lato-Bla.ttf in Resources */,
				23A8E8B719FAAF050041D30F /* OrdersHistoryViewController.xib in Resources */,
				235975DF1A01736E0070E914 /* menu_btn.png in Resources */,
				2354C3D51A03111F00729A84 /* neworders_btn_selected.png in Resources */,
				23F400A61A0BCDF6009F09EE /* Lato-HaiIta.ttf in Resources */,
				C88352E91A0C4BA0001F3AA0 /* illustration_01.png in Resources */,
				234BCE1F1A0D804200BA4074 /* crowdchef_iphone_120.png in Resources */,
				C8B7CC5819F1D76600AEBA27 /* LaunchScreen.xib in Resources */,
				23A5E1421A0293E400590509 /* logout_btn_up.png in Resources */,
				2354C3D31A03110900729A84 /* history_btn_up.png in Resources */,
				23F400A41A0BCDF6009F09EE /* Lato-BolIta.ttf in Resources */,
				7DE6F45B1A129B4C001EE3B9 /* illustration_04.png in Resources */,
				236FCB7C1A0051610021E2ED /* add_btn_down.png in Resources */,
				232D03581A13F45B008791A4 /* delete_order_btn_down.png in Resources */,
				C8B7CC5519F1D76600AEBA27 /* Images.xcassets in Resources */,
				236FCB8C1A005C460021E2ED /* badge_ima.png in Resources */,
				236FCB7E1A0051760021E2ED /* add_btn_up.png in Resources */,
				23F400A81A0BCDF6009F09EE /* Lato-LigIta.ttf in Resources */,
				232D03591A13F45B008791A4 /* delete_order_btn_up.png in Resources */,
				233158EF1A168B0F006104C4 /* illustration_00.png in Resources */,
				2329A9161A09B08600E93ABB /* label.png in Resources */,
				C8653E4D1A0D5DF900A9F958 /* illustration_03.png in Resources */,
				2354C3D11A0310FB00729A84 /* history_btn_selected.png in Resources */,
				236FCB881A0058E70021E2ED /* subtract_btn_down.png in Resources */,
				7DEE7EF119F610590081BCEC /* ProductCellTableViewCell.xib in Resources */,
				C839FA4519F5923500BC01D5 /* UserProfileController.xib in Resources */,
				23F400A31A0BCDF6009F09EE /* Lato-Bol.ttf in Resources */,
				7DEE7EF919F611D50081BCEC /* MenuViewController_iPhone.xib in Resources */,
				C8F5FACE19F86F7600BAFEA0 /* LeftMenuViewController.xib in Resources */,
				C89ED5BB1A0023ED004441A3 /* login_btn_up@2x.png in Resources */,
				2354C3D71A03113B00729A84 /* neworders_btn_up.png in Resources */,
				236FCB861A0058880021E2ED /* outstock_btn_up.png in Resources */,
				235975DD1A01518D0070E914 /* patron_01.png in Resources */,
				C869B7251A001EF900F12C57 /* splash_ima.png in Resources */,
				23F400A51A0BCDF6009F09EE /* Lato-Hai.ttf in Resources */,
				23A5E1411A0293E400590509 /* logout_btn_down.png in Resources */,
				23B3B8131A08365E00800204 /* plceorder_btn_up.png in Resources */,
				236FCB821A0051A50021E2ED /* add02_btn_up.png in Resources */,
				23F400A91A0BCDF6009F09EE /* Lato-Reg.ttf in Resources */,
				C89ED5BA1A0023ED004441A3 /* login_btn_down@2x.png in Resources */,
				236FCB841A00587A0021E2ED /* outstock_btn_down.png in Resources */,
				234BCE201A0D804200BA4074 /* crowdchef_iphone_180.png in Resources */,
				C8B7CC7219F1D7BF00AEBA27 /* LoginViewController.xib in Resources */,
				23F400AA1A0BCDF6009F09EE /* Lato-RegIta.ttf in Resources */,
				23F400A21A0BCDF6009F09EE /* Lato-BlaIta.ttf in Resources */,
				236FCB8A1A0058FB0021E2ED /* subtract_btn_up.png in Resources */,
				236FCB8E1A00688F0021E2ED /* item_transparency.png in Resources */,
				231293B51A1271D6003A5856 /* login_btn_up@3x.png in Resources */,
			);
			runOnlyForDeploymentPostprocessing = 0;
		};
		C8B7CC5B19F1D76600AEBA27 /* Resources */ = {
			isa = PBXResourcesBuildPhase;
			buildActionMask = 2147483647;
			files = (
			);
			runOnlyForDeploymentPostprocessing = 0;
		};
/* End PBXResourcesBuildPhase section */

/* Begin PBXShellScriptBuildPhase section */
		70F178DB10269BB968E08FCA /* Check Pods Manifest.lock */ = {
			isa = PBXShellScriptBuildPhase;
			buildActionMask = 2147483647;
			files = (
			);
			inputPaths = (
			);
			name = "Check Pods Manifest.lock";
			outputPaths = (
			);
			runOnlyForDeploymentPostprocessing = 0;
			shellPath = /bin/sh;
			shellScript = "diff \"${PODS_ROOT}/../Podfile.lock\" \"${PODS_ROOT}/Manifest.lock\" > /dev/null\nif [[ $? != 0 ]] ; then\n    cat << EOM\nerror: The sandbox is not in sync with the Podfile.lock. Run 'pod install' or update your CocoaPods installation.\nEOM\n    exit 1\nfi\n";
			showEnvVarsInLog = 0;
		};
		893B7B625F1479EB12AD232F /* Copy Pods Resources */ = {
			isa = PBXShellScriptBuildPhase;
			buildActionMask = 2147483647;
			files = (
			);
			inputPaths = (
			);
			name = "Copy Pods Resources";
			outputPaths = (
			);
			runOnlyForDeploymentPostprocessing = 0;
			shellPath = /bin/sh;
			shellScript = "\"${SRCROOT}/Pods/Target Support Files/Pods/Pods-resources.sh\"\n";
			showEnvVarsInLog = 0;
		};
/* End PBXShellScriptBuildPhase section */

/* Begin PBXSourcesBuildPhase section */
		C8B7CC4019F1D76600AEBA27 /* Sources */ = {
			isa = PBXSourcesBuildPhase;
			buildActionMask = 2147483647;
			files = (
				7D7D137119FAD81900B3FAE3 /* CategoryObject.m in Sources */,
				C8B7CC4D19F1D76600AEBA27 /* AppDelegate.m in Sources */,
				7DEE7EF819F611D50081BCEC /* MenuViewController_iPhone.m in Sources */,
				7DEE7EF419F610AD0081BCEC /* ProductObject.m in Sources */,
				7D17919E19F6B4FF00696B91 /* DBManager.m in Sources */,
				7DEE7EF019F610590081BCEC /* ProductCellTableViewCell.m in Sources */,
				7D0C6D0A19FEB05B00677DAF /* CustomButton.m in Sources */,
				7DEE7EE719F60D190081BCEC /* MasterObject.m in Sources */,
				C8F5FACD19F86F7600BAFEA0 /* LeftMenuViewController.m in Sources */,
				7D7C19691A00B4670072E46E /* ShoppingCartViewController.m in Sources */,
				23C176BA19F47FB3009F82A3 /* RESTManager.m in Sources */,
				7D7C19701A0179180072E46E /* OrderObject.m in Sources */,
				23A8E8B619FAAF050041D30F /* OrdersHistoryViewController.m in Sources */,
				7DEE7EE619F60D190081BCEC /* ImageObject.m in Sources */,
				C839FA4419F5923500BC01D5 /* UserProfileController.m in Sources */,
				C8B7CC4A19F1D76600AEBA27 /* main.m in Sources */,
				23C176BE19F48474009F82A3 /* UserObject.m in Sources */,
				C8B7CC7119F1D7BF00AEBA27 /* LoginViewController.m in Sources */,
			);
			runOnlyForDeploymentPostprocessing = 0;
		};
		C8B7CC5919F1D76600AEBA27 /* Sources */ = {
			isa = PBXSourcesBuildPhase;
			buildActionMask = 2147483647;
			files = (
				C8B7CC6419F1D76600AEBA27 /* coffeeappTests.m in Sources */,
			);
			runOnlyForDeploymentPostprocessing = 0;
		};
/* End PBXSourcesBuildPhase section */

/* Begin PBXTargetDependency section */
		C8B7CC5F19F1D76600AEBA27 /* PBXTargetDependency */ = {
			isa = PBXTargetDependency;
			target = C8B7CC4319F1D76600AEBA27 /* coffeeapp */;
			targetProxy = C8B7CC5E19F1D76600AEBA27 /* PBXContainerItemProxy */;
		};
/* End PBXTargetDependency section */

/* Begin PBXVariantGroup section */
		C8B7CC5619F1D76600AEBA27 /* LaunchScreen.xib */ = {
			isa = PBXVariantGroup;
			children = (
				C8B7CC5719F1D76600AEBA27 /* Base */,
			);
			name = LaunchScreen.xib;
			sourceTree = "<group>";
		};
/* End PBXVariantGroup section */

/* Begin XCBuildConfiguration section */
		C8B7CC6519F1D76600AEBA27 /* Debug */ = {
			isa = XCBuildConfiguration;
			buildSettings = {
				ALWAYS_SEARCH_USER_PATHS = NO;
				CLANG_CXX_LANGUAGE_STANDARD = "gnu++0x";
				CLANG_CXX_LIBRARY = "libc++";
				CLANG_ENABLE_MODULES = YES;
				CLANG_ENABLE_OBJC_ARC = YES;
				CLANG_WARN_BOOL_CONVERSION = YES;
				CLANG_WARN_CONSTANT_CONVERSION = YES;
				CLANG_WARN_DIRECT_OBJC_ISA_USAGE = YES_ERROR;
				CLANG_WARN_EMPTY_BODY = YES;
				CLANG_WARN_ENUM_CONVERSION = YES;
				CLANG_WARN_INT_CONVERSION = YES;
				CLANG_WARN_OBJC_ROOT_CLASS = YES_ERROR;
				CLANG_WARN_UNREACHABLE_CODE = YES;
				CLANG_WARN__DUPLICATE_METHOD_MATCH = YES;
				"CODE_SIGN_IDENTITY[sdk=iphoneos*]" = "iPhone Developer";
				COPY_PHASE_STRIP = NO;
				ENABLE_STRICT_OBJC_MSGSEND = YES;
				GCC_C_LANGUAGE_STANDARD = gnu99;
				GCC_DYNAMIC_NO_PIC = NO;
				GCC_OPTIMIZATION_LEVEL = 0;
				GCC_PREPROCESSOR_DEFINITIONS = (
					"DEBUG=1",
					"$(inherited)",
				);
				GCC_SYMBOLS_PRIVATE_EXTERN = NO;
				GCC_WARN_64_TO_32_BIT_CONVERSION = YES;
				GCC_WARN_ABOUT_RETURN_TYPE = YES_ERROR;
				GCC_WARN_UNDECLARED_SELECTOR = YES;
				GCC_WARN_UNINITIALIZED_AUTOS = YES_AGGRESSIVE;
				GCC_WARN_UNUSED_FUNCTION = YES;
				GCC_WARN_UNUSED_VARIABLE = YES;
				IPHONEOS_DEPLOYMENT_TARGET = 8.0;
				MTL_ENABLE_DEBUG_INFO = YES;
				ONLY_ACTIVE_ARCH = YES;
				SDKROOT = iphoneos;
			};
			name = Debug;
		};
		C8B7CC6619F1D76600AEBA27 /* Release */ = {
			isa = XCBuildConfiguration;
			buildSettings = {
				ALWAYS_SEARCH_USER_PATHS = NO;
				CLANG_CXX_LANGUAGE_STANDARD = "gnu++0x";
				CLANG_CXX_LIBRARY = "libc++";
				CLANG_ENABLE_MODULES = YES;
				CLANG_ENABLE_OBJC_ARC = YES;
				CLANG_WARN_BOOL_CONVERSION = YES;
				CLANG_WARN_CONSTANT_CONVERSION = YES;
				CLANG_WARN_DIRECT_OBJC_ISA_USAGE = YES_ERROR;
				CLANG_WARN_EMPTY_BODY = YES;
				CLANG_WARN_ENUM_CONVERSION = YES;
				CLANG_WARN_INT_CONVERSION = YES;
				CLANG_WARN_OBJC_ROOT_CLASS = YES_ERROR;
				CLANG_WARN_UNREACHABLE_CODE = YES;
				CLANG_WARN__DUPLICATE_METHOD_MATCH = YES;
				"CODE_SIGN_IDENTITY[sdk=iphoneos*]" = "iPhone Developer";
				COPY_PHASE_STRIP = YES;
				ENABLE_NS_ASSERTIONS = NO;
				ENABLE_STRICT_OBJC_MSGSEND = YES;
				GCC_C_LANGUAGE_STANDARD = gnu99;
				GCC_WARN_64_TO_32_BIT_CONVERSION = YES;
				GCC_WARN_ABOUT_RETURN_TYPE = YES_ERROR;
				GCC_WARN_UNDECLARED_SELECTOR = YES;
				GCC_WARN_UNINITIALIZED_AUTOS = YES_AGGRESSIVE;
				GCC_WARN_UNUSED_FUNCTION = YES;
				GCC_WARN_UNUSED_VARIABLE = YES;
				IPHONEOS_DEPLOYMENT_TARGET = 8.0;
				MTL_ENABLE_DEBUG_INFO = NO;
				SDKROOT = iphoneos;
				VALIDATE_PRODUCT = YES;
			};
			name = Release;
		};
		C8B7CC6819F1D76600AEBA27 /* Debug */ = {
			isa = XCBuildConfiguration;
			baseConfigurationReference = E60F9533A1FEE1282C1CFB72 /* Pods.debug.xcconfig */;
			buildSettings = {
				ASSETCATALOG_COMPILER_APPICON_NAME = AppIcon;
				CODE_SIGN_IDENTITY = "iPhone Developer";
				"CODE_SIGN_IDENTITY[sdk=iphoneos*]" = "iPhone Developer";
				FRAMEWORK_SEARCH_PATHS = (
					"\"$(PODS_ROOT)/Parse\"",
					"\"$(PODS_ROOT)/google-plus-ios-sdk/google-plus-ios-sdk-1.7.1\"",
					"$(inherited)",
					"$(PROJECT_DIR)",
				);
				INFOPLIST_FILE = coffeeapp/Info.plist;
				IPHONEOS_DEPLOYMENT_TARGET = 7.0;
				LD_RUNPATH_SEARCH_PATHS = "";
				LIBRARY_SEARCH_PATHS = (
					"$(inherited)",
					"$(USER_LIBRARY_DIR)/Developer/Xcode/DerivedData/GastronautBase-bcmhprbnqjgxfadogkwoghnasehe/Build/Products/Debug-iphoneos",
				);
				PRODUCT_NAME = "$(TARGET_NAME)";
				PROVISIONING_PROFILE = "";
			};
			name = Debug;
		};
		C8B7CC6919F1D76600AEBA27 /* Release */ = {
			isa = XCBuildConfiguration;
			baseConfigurationReference = D3031F617E2B201F1E3F8C63 /* Pods.release.xcconfig */;
			buildSettings = {
				ASSETCATALOG_COMPILER_APPICON_NAME = AppIcon;
				CODE_SIGN_IDENTITY = "iPhone Developer";
				"CODE_SIGN_IDENTITY[sdk=iphoneos*]" = "iPhone Developer";
				FRAMEWORK_SEARCH_PATHS = (
					"\"$(PODS_ROOT)/Parse\"",
					"\"$(PODS_ROOT)/google-plus-ios-sdk/google-plus-ios-sdk-1.7.1\"",
					"$(inherited)",
					"$(PROJECT_DIR)",
				);
				INFOPLIST_FILE = coffeeapp/Info.plist;
				IPHONEOS_DEPLOYMENT_TARGET = 7.0;
				LD_RUNPATH_SEARCH_PATHS = "";
				LIBRARY_SEARCH_PATHS = (
					"$(inherited)",
					"$(USER_LIBRARY_DIR)/Developer/Xcode/DerivedData/GastronautBase-bcmhprbnqjgxfadogkwoghnasehe/Build/Products/Debug-iphoneos",
				);
				PRODUCT_NAME = "$(TARGET_NAME)";
				PROVISIONING_PROFILE = "";
			};
			name = Release;
		};
		C8B7CC6B19F1D76600AEBA27 /* Debug */ = {
			isa = XCBuildConfiguration;
			buildSettings = {
				BUNDLE_LOADER = "$(TEST_HOST)";
				FRAMEWORK_SEARCH_PATHS = (
					"$(SDKROOT)/Developer/Library/Frameworks",
					"$(inherited)",
				);
				GCC_PREPROCESSOR_DEFINITIONS = (
					"DEBUG=1",
					"$(inherited)",
				);
				INFOPLIST_FILE = coffeeappTests/Info.plist;
				LD_RUNPATH_SEARCH_PATHS = "$(inherited) @executable_path/Frameworks @loader_path/Frameworks";
				PRODUCT_NAME = "$(TARGET_NAME)";
				TEST_HOST = "$(BUILT_PRODUCTS_DIR)/coffeeapp.app/coffeeapp";
			};
			name = Debug;
		};
		C8B7CC6C19F1D76600AEBA27 /* Release */ = {
			isa = XCBuildConfiguration;
			buildSettings = {
				BUNDLE_LOADER = "$(TEST_HOST)";
				FRAMEWORK_SEARCH_PATHS = (
					"$(SDKROOT)/Developer/Library/Frameworks",
					"$(inherited)",
				);
				INFOPLIST_FILE = coffeeappTests/Info.plist;
				LD_RUNPATH_SEARCH_PATHS = "$(inherited) @executable_path/Frameworks @loader_path/Frameworks";
				PRODUCT_NAME = "$(TARGET_NAME)";
				TEST_HOST = "$(BUILT_PRODUCTS_DIR)/coffeeapp.app/coffeeapp";
			};
			name = Release;
		};
/* End XCBuildConfiguration section */

/* Begin XCConfigurationList section */
		C8B7CC3F19F1D76600AEBA27 /* Build configuration list for PBXProject "coffeeapp" */ = {
			isa = XCConfigurationList;
			buildConfigurations = (
				C8B7CC6519F1D76600AEBA27 /* Debug */,
				C8B7CC6619F1D76600AEBA27 /* Release */,
			);
			defaultConfigurationIsVisible = 0;
			defaultConfigurationName = Release;
		};
		C8B7CC6719F1D76600AEBA27 /* Build configuration list for PBXNativeTarget "coffeeapp" */ = {
			isa = XCConfigurationList;
			buildConfigurations = (
				C8B7CC6819F1D76600AEBA27 /* Debug */,
				C8B7CC6919F1D76600AEBA27 /* Release */,
			);
			defaultConfigurationIsVisible = 0;
			defaultConfigurationName = Release;
		};
		C8B7CC6A19F1D76600AEBA27 /* Build configuration list for PBXNativeTarget "coffeeappTests" */ = {
			isa = XCConfigurationList;
			buildConfigurations = (
				C8B7CC6B19F1D76600AEBA27 /* Debug */,
				C8B7CC6C19F1D76600AEBA27 /* Release */,
			);
			defaultConfigurationIsVisible = 0;
			defaultConfigurationName = Release;
		};
/* End XCConfigurationList section */
	};
	rootObject = C8B7CC3C19F1D76600AEBA27 /* Project object */;
}
